// !$*UTF8*$!
{
	archiveVersion = 1;
	classes = {
	};
	objectVersion = 77;
	objects = {

/* Begin PBXBuildFile section */
		002C07C6C4214C43880C2081 /* CanvasPhoto.swift in Sources */ = {isa = PBXBuildFile; fileRef = 70006E3DA1CD22EC7BC7AEE4 /* CanvasPhoto.swift */; };
		19AE7A1FA38125C9B6453311 /* CGInteropTests.swift in Sources */ = {isa = PBXBuildFile; fileRef = 27A62890829577BC2C0158FD /* CGInteropTests.swift */; };
		1C2EBD327D3077BC5540C895 /* CoverPolicy.swift in Sources */ = {isa = PBXBuildFile; fileRef = 8FA940B09932DE75C53756C1 /* CoverPolicy.swift */; };
		2BE223D59BC6BBF99986DD42 /* S2_CloudKitProbe.swift in Sources */ = {isa = PBXBuildFile; fileRef = 1BD3130A571AEE34E51DB5A6 /* S2_CloudKitProbe.swift */; };
		2CD20722A51E310321B4E383 /* DraftMaintenanceTests.swift in Sources */ = {isa = PBXBuildFile; fileRef = 49CCCE31C265A63CD4B7015C /* DraftMaintenanceTests.swift */; };
		3023BF1F2CD6962E260C49BB /* SoozipGeometry in Frameworks */ = {isa = PBXBuildFile; productRef = 9ADE057923A235FCC00FAFBA /* SoozipGeometry */; };
		388CA7124B54E88DCCBF504B /* RepositoryError.swift in Sources */ = {isa = PBXBuildFile; fileRef = E0AC1DFD956FF91E027E82E1 /* RepositoryError.swift */; };
		3DB80CC860CFBE5F5B0CCF95 /* NanumPenScript-Regular.ttf in Resources */ = {isa = PBXBuildFile; fileRef = 3DBC1AB245A7E6673CBEBF32 /* NanumPenScript-Regular.ttf */; };
		421A5F35071F3F04EE4D4077 /* SoozipLayout in Frameworks */ = {isa = PBXBuildFile; productRef = EFB31317B40EE5456E1A0D35 /* SoozipLayout */; };
		4AEDF7F8D29E708C2B2F9E16 /* SoozipGeometry in Frameworks */ = {isa = PBXBuildFile; productRef = DF7F10063207E3BEA0036CB2 /* SoozipGeometry */; };
		4CA7331062EEF291DC1FEFF7 /* StatsRepository.swift in Sources */ = {isa = PBXBuildFile; fileRef = A347D8A078D0DD8A659DC4FC /* StatsRepository.swift */; };
		4DFCD319F4CD4D3F02320890 /* Collection.swift in Sources */ = {isa = PBXBuildFile; fileRef = 36C03932BBBB53963B7A0028 /* Collection.swift */; };
		52F377FFD2CDA8C6E5697AEF /* CoverPolicyTests.swift in Sources */ = {isa = PBXBuildFile; fileRef = D41FD40A4FC0220746E04881 /* CoverPolicyTests.swift */; };
		5456E7EF55AFF8AE53D6554F /* SyncStatusResolver.swift in Sources */ = {isa = PBXBuildFile; fileRef = 9A7D9AC1CC2EF951F5197E34 /* SyncStatusResolver.swift */; };
		572A968129218382282C9B9B /* SoozipApp.swift in Sources */ = {isa = PBXBuildFile; fileRef = 54F96E68BFCD85561EB18869 /* SoozipApp.swift */; };
		5B99F0068346BD5AECD50B17 /* ModelSchemaTests.swift in Sources */ = {isa = PBXBuildFile; fileRef = 8851A91A6001CBA0F853B4F9 /* ModelSchemaTests.swift */; };
		5D2F813532D098A2B622AF7D /* GowunBatang-Regular.ttf in Resources */ = {isa = PBXBuildFile; fileRef = A66D7F14ACAA787434F8F755 /* GowunBatang-Regular.ttf */; };
		78D6BD945CF9D42F01398CE6 /* CGInterop.swift in Sources */ = {isa = PBXBuildFile; fileRef = D5656ED6249C22E3C91E7E6A /* CGInterop.swift */; };
		8194FEE91F18BF6ECFCAD178 /* TestContainer.swift in Sources */ = {isa = PBXBuildFile; fileRef = 1D6CE1B6DB19F4B8B221C3B9 /* TestContainer.swift */; };
		8764051F73D24C8DED0E9E42 /* S1_GestureProbe.swift in Sources */ = {isa = PBXBuildFile; fileRef = AA10E531D2F2EEE0DBD3D61F /* S1_GestureProbe.swift */; };
		8C49DE292AE46C7A7F9D505C /* LibraryRepository.swift in Sources */ = {isa = PBXBuildFile; fileRef = 84CB70DCB539154DF5C2F957 /* LibraryRepository.swift */; };
		8C642B9E707523433ED777C3 /* CollectionPresenterTests.swift in Sources */ = {isa = PBXBuildFile; fileRef = B57174CFAFEBE1B0850721C0 /* CollectionPresenterTests.swift */; };
		8D9615EC1AAC69FA4065527F /* SoozipDraft in Frameworks */ = {isa = PBXBuildFile; productRef = 9E2A61E37526400C5A6442CA /* SoozipDraft */; };
		94757887215FB2D0FC18A036 /* StatsRepositoryTests.swift in Sources */ = {isa = PBXBuildFile; fileRef = 88733267BA00CE2B5FB05BFD /* StatsRepositoryTests.swift */; };
		9A3566FED79A6D756EB754F2 /* Pretendard-Regular.otf in Resources */ = {isa = PBXBuildFile; fileRef = E7A9BA9442A56CBBB6BA91D6 /* Pretendard-Regular.otf */; };
		9B1AFB07A695FCD5C53AED38 /* SoozipLayout in Frameworks */ = {isa = PBXBuildFile; productRef = 31C34752FA1E90A63189F07A /* SoozipLayout */; };
		B5E098B1ECE3D6811BCE29C5 /* SyncStatusResolverTests.swift in Sources */ = {isa = PBXBuildFile; fileRef = 5D5F8CD5A3D17A78B45FD4D9 /* SyncStatusResolverTests.swift */; };
		B6AB98D78AEE6927DBE5953A /* FontLoadingTests.swift in Sources */ = {isa = PBXBuildFile; fileRef = 27D9D944017B664FC0A6D715 /* FontLoadingTests.swift */; };
		B9EA7CC2CE9D307F4ABB5EBC /* Canvas.swift in Sources */ = {isa = PBXBuildFile; fileRef = 047F9BFBF22054689F3E8B91 /* Canvas.swift */; };
		CD538C471428789FA3051298 /* SoozipSchema.swift in Sources */ = {isa = PBXBuildFile; fileRef = E71E10DC58F23F315C120F6D /* SoozipSchema.swift */; };
		D236C3D739671345185DB682 /* LibraryRepositoryTests.swift in Sources */ = {isa = PBXBuildFile; fileRef = 2147BF9C48A509FBFA2A889A /* LibraryRepositoryTests.swift */; };
		DA4FD76BD30328CAC53E8821 /* SoozipDraft in Frameworks */ = {isa = PBXBuildFile; productRef = 9E776C5F28A08B588EA95202 /* SoozipDraft */; };
		DAF2DACAFA8C39B0592A9CD4 /* CollectionPresenter.swift in Sources */ = {isa = PBXBuildFile; fileRef = CD2DE9F743070C618C34A7AD /* CollectionPresenter.swift */; };
		E7D7E7098AF8FF5AA5E1C603 /* GowunDodum-Regular.ttf in Resources */ = {isa = PBXBuildFile; fileRef = 8773AA3035F91DEF4D74EF22 /* GowunDodum-Regular.ttf */; };
		ED6E83C07862839EB7E7F136 /* DraftMaintenance.swift in Sources */ = {isa = PBXBuildFile; fileRef = F6B6C0418C3376C1F9CA657F /* DraftMaintenance.swift */; };
		FF2AF15908FD92988858E085 /* PlayfairDisplay-Regular.ttf in Resources */ = {isa = PBXBuildFile; fileRef = B65C00043DE037ADF87DF506 /* PlayfairDisplay-Regular.ttf */; };
/* End PBXBuildFile section */

/* Begin PBXContainerItemProxy section */
		31933F4DDE6FF2251FB24167 /* PBXContainerItemProxy */ = {
			isa = PBXContainerItemProxy;
			containerPortal = AD20CC97534D5B551A0D155E /* Project object */;
			proxyType = 1;
			remoteGlobalIDString = 62C735D3AEC533FEC6FAD2FF;
			remoteInfo = Soozip;
		};
/* End PBXContainerItemProxy section */

/* Begin PBXFileReference section */
		047F9BFBF22054689F3E8B91 /* Canvas.swift */ = {isa = PBXFileReference; lastKnownFileType = sourcecode.swift; path = Canvas.swift; sourceTree = "<group>"; };
		06B1A807982B0DC783808F05 /* SoozipDraft */ = {isa = PBXFileReference; lastKnownFileType = folder; name = SoozipDraft; path = Packages/SoozipDraft; sourceTree = SOURCE_ROOT; };
		1BD3130A571AEE34E51DB5A6 /* S2_CloudKitProbe.swift */ = {isa = PBXFileReference; lastKnownFileType = sourcecode.swift; path = S2_CloudKitProbe.swift; sourceTree = "<group>"; };
		1D1524DCC8B0813DCD775094 /* SoozipTests.xctest */ = {isa = PBXFileReference; includeInIndex = 0; lastKnownFileType = wrapper.cfbundle; path = SoozipTests.xctest; sourceTree = BUILT_PRODUCTS_DIR; };
		1D6CE1B6DB19F4B8B221C3B9 /* TestContainer.swift */ = {isa = PBXFileReference; lastKnownFileType = sourcecode.swift; path = TestContainer.swift; sourceTree = "<group>"; };
		2147BF9C48A509FBFA2A889A /* LibraryRepositoryTests.swift */ = {isa = PBXFileReference; lastKnownFileType = sourcecode.swift; path = LibraryRepositoryTests.swift; sourceTree = "<group>"; };
		27A62890829577BC2C0158FD /* CGInteropTests.swift */ = {isa = PBXFileReference; lastKnownFileType = sourcecode.swift; path = CGInteropTests.swift; sourceTree = "<group>"; };
		27D9D944017B664FC0A6D715 /* FontLoadingTests.swift */ = {isa = PBXFileReference; lastKnownFileType = sourcecode.swift; path = FontLoadingTests.swift; sourceTree = "<group>"; };
		36C03932BBBB53963B7A0028 /* Collection.swift */ = {isa = PBXFileReference; lastKnownFileType = sourcecode.swift; path = Collection.swift; sourceTree = "<group>"; };
		386878385B375CB1CCBF7535 /* SoozipGeometry */ = {isa = PBXFileReference; lastKnownFileType = folder; name = SoozipGeometry; path = Packages/SoozipGeometry; sourceTree = SOURCE_ROOT; };
		3DBC1AB245A7E6673CBEBF32 /* NanumPenScript-Regular.ttf */ = {isa = PBXFileReference; lastKnownFileType = file; path = "NanumPenScript-Regular.ttf"; sourceTree = "<group>"; };
		49CCCE31C265A63CD4B7015C /* DraftMaintenanceTests.swift */ = {isa = PBXFileReference; lastKnownFileType = sourcecode.swift; path = DraftMaintenanceTests.swift; sourceTree = "<group>"; };
		53EC7B8C28A7E548812BE0CA /* SoozipLayout */ = {isa = PBXFileReference; lastKnownFileType = folder; name = SoozipLayout; path = Packages/SoozipLayout; sourceTree = SOURCE_ROOT; };
		54F96E68BFCD85561EB18869 /* SoozipApp.swift */ = {isa = PBXFileReference; lastKnownFileType = sourcecode.swift; path = SoozipApp.swift; sourceTree = "<group>"; };
		5D5F8CD5A3D17A78B45FD4D9 /* SyncStatusResolverTests.swift */ = {isa = PBXFileReference; lastKnownFileType = sourcecode.swift; path = SyncStatusResolverTests.swift; sourceTree = "<group>"; };
		5F2670420D877A239921F8C1 /* Info.plist */ = {isa = PBXFileReference; lastKnownFileType = text.plist; path = Info.plist; sourceTree = "<group>"; };
		70006E3DA1CD22EC7BC7AEE4 /* CanvasPhoto.swift */ = {isa = PBXFileReference; lastKnownFileType = sourcecode.swift; path = CanvasPhoto.swift; sourceTree = "<group>"; };
		84CB70DCB539154DF5C2F957 /* LibraryRepository.swift */ = {isa = PBXFileReference; lastKnownFileType = sourcecode.swift; path = LibraryRepository.swift; sourceTree = "<group>"; };
		8773AA3035F91DEF4D74EF22 /* GowunDodum-Regular.ttf */ = {isa = PBXFileReference; lastKnownFileType = file; path = "GowunDodum-Regular.ttf"; sourceTree = "<group>"; };
		8851A91A6001CBA0F853B4F9 /* ModelSchemaTests.swift */ = {isa = PBXFileReference; lastKnownFileType = sourcecode.swift; path = ModelSchemaTests.swift; sourceTree = "<group>"; };
		88733267BA00CE2B5FB05BFD /* StatsRepositoryTests.swift */ = {isa = PBXFileReference; lastKnownFileType = sourcecode.swift; path = StatsRepositoryTests.swift; sourceTree = "<group>"; };
		893FCC88232C22A5A01DCE39 /* Soozip.app */ = {isa = PBXFileReference; includeInIndex = 0; lastKnownFileType = wrapper.application; path = Soozip.app; sourceTree = BUILT_PRODUCTS_DIR; };
		8FA940B09932DE75C53756C1 /* CoverPolicy.swift */ = {isa = PBXFileReference; lastKnownFileType = sourcecode.swift; path = CoverPolicy.swift; sourceTree = "<group>"; };
		9A7D9AC1CC2EF951F5197E34 /* SyncStatusResolver.swift */ = {isa = PBXFileReference; lastKnownFileType = sourcecode.swift; path = SyncStatusResolver.swift; sourceTree = "<group>"; };
		A347D8A078D0DD8A659DC4FC /* StatsRepository.swift */ = {isa = PBXFileReference; lastKnownFileType = sourcecode.swift; path = StatsRepository.swift; sourceTree = "<group>"; };
		A66D7F14ACAA787434F8F755 /* GowunBatang-Regular.ttf */ = {isa = PBXFileReference; lastKnownFileType = file; path = "GowunBatang-Regular.ttf"; sourceTree = "<group>"; };
		AA10E531D2F2EEE0DBD3D61F /* S1_GestureProbe.swift */ = {isa = PBXFileReference; lastKnownFileType = sourcecode.swift; path = S1_GestureProbe.swift; sourceTree = "<group>"; };
		B57174CFAFEBE1B0850721C0 /* CollectionPresenterTests.swift */ = {isa = PBXFileReference; lastKnownFileType = sourcecode.swift; path = CollectionPresenterTests.swift; sourceTree = "<group>"; };
		B65C00043DE037ADF87DF506 /* PlayfairDisplay-Regular.ttf */ = {isa = PBXFileReference; lastKnownFileType = file; path = "PlayfairDisplay-Regular.ttf"; sourceTree = "<group>"; };
		CD2DE9F743070C618C34A7AD /* CollectionPresenter.swift */ = {isa = PBXFileReference; lastKnownFileType = sourcecode.swift; path = CollectionPresenter.swift; sourceTree = "<group>"; };
		D41FD40A4FC0220746E04881 /* CoverPolicyTests.swift */ = {isa = PBXFileReference; lastKnownFileType = sourcecode.swift; path = CoverPolicyTests.swift; sourceTree = "<group>"; };
		D5656ED6249C22E3C91E7E6A /* CGInterop.swift */ = {isa = PBXFileReference; lastKnownFileType = sourcecode.swift; path = CGInterop.swift; sourceTree = "<group>"; };
		E0AC1DFD956FF91E027E82E1 /* RepositoryError.swift */ = {isa = PBXFileReference; lastKnownFileType = sourcecode.swift; path = RepositoryError.swift; sourceTree = "<group>"; };
		E71E10DC58F23F315C120F6D /* SoozipSchema.swift */ = {isa = PBXFileReference; lastKnownFileType = sourcecode.swift; path = SoozipSchema.swift; sourceTree = "<group>"; };
		E7A9BA9442A56CBBB6BA91D6 /* Pretendard-Regular.otf */ = {isa = PBXFileReference; lastKnownFileType = file; path = "Pretendard-Regular.otf"; sourceTree = "<group>"; };
		F6B6C0418C3376C1F9CA657F /* DraftMaintenance.swift */ = {isa = PBXFileReference; lastKnownFileType = sourcecode.swift; path = DraftMaintenance.swift; sourceTree = "<group>"; };
/* End PBXFileReference section */

/* Begin PBXFrameworksBuildPhase section */
		0A58DE7EC420A21B48C75F18 /* Frameworks */ = {
			isa = PBXFrameworksBuildPhase;
			buildActionMask = 2147483647;
			files = (
				4AEDF7F8D29E708C2B2F9E16 /* SoozipGeometry in Frameworks */,
				421A5F35071F3F04EE4D4077 /* SoozipLayout in Frameworks */,
				DA4FD76BD30328CAC53E8821 /* SoozipDraft in Frameworks */,
			);
			runOnlyForDeploymentPostprocessing = 0;
		};
		12BA1323EEEF465222D1A290 /* Frameworks */ = {
			isa = PBXFrameworksBuildPhase;
			buildActionMask = 2147483647;
			files = (
				3023BF1F2CD6962E260C49BB /* SoozipGeometry in Frameworks */,
				9B1AFB07A695FCD5C53AED38 /* SoozipLayout in Frameworks */,
				8D9615EC1AAC69FA4065527F /* SoozipDraft in Frameworks */,
			);
			runOnlyForDeploymentPostprocessing = 0;
		};
/* End PBXFrameworksBuildPhase section */

/* Begin PBXGroup section */
		343F03C53E1F28347D14B815 /* Fonts */ = {
			isa = PBXGroup;
			children = (
				A66D7F14ACAA787434F8F755 /* GowunBatang-Regular.ttf */,
				8773AA3035F91DEF4D74EF22 /* GowunDodum-Regular.ttf */,
				3DBC1AB245A7E6673CBEBF32 /* NanumPenScript-Regular.ttf */,
				B65C00043DE037ADF87DF506 /* PlayfairDisplay-Regular.ttf */,
				E7A9BA9442A56CBBB6BA91D6 /* Pretendard-Regular.otf */,
			);
			path = Fonts;
			sourceTree = "<group>";
		};
		51A9F55E37D52B5648352818 /* Resources */ = {
			isa = PBXGroup;
			children = (
				343F03C53E1F28347D14B815 /* Fonts */,
			);
			path = Resources;
			sourceTree = "<group>";
		};
		5C00BFFDE8141B5EB163737C /* Models */ = {
			isa = PBXGroup;
			children = (
				047F9BFBF22054689F3E8B91 /* Canvas.swift */,
				70006E3DA1CD22EC7BC7AEE4 /* CanvasPhoto.swift */,
				36C03932BBBB53963B7A0028 /* Collection.swift */,
				E71E10DC58F23F315C120F6D /* SoozipSchema.swift */,
			);
			path = Models;
			sourceTree = "<group>";
		};
		6398BBAF669839C93EED377A /* Packages */ = {
			isa = PBXGroup;
			children = (
				06B1A807982B0DC783808F05 /* SoozipDraft */,
				386878385B375CB1CCBF7535 /* SoozipGeometry */,
				53EC7B8C28A7E548812BE0CA /* SoozipLayout */,
			);
			path = Packages;
			sourceTree = "<group>";
		};
		64AD3F68E0EC50522CF7CF4C /* Repository */ = {
			isa = PBXGroup;
			children = (
				8FA940B09932DE75C53756C1 /* CoverPolicy.swift */,
				F6B6C0418C3376C1F9CA657F /* DraftMaintenance.swift */,
				84CB70DCB539154DF5C2F957 /* LibraryRepository.swift */,
				E0AC1DFD956FF91E027E82E1 /* RepositoryError.swift */,
				A347D8A078D0DD8A659DC4FC /* StatsRepository.swift */,
				9A7D9AC1CC2EF951F5197E34 /* SyncStatusResolver.swift */,
			);
			path = Repository;
			sourceTree = "<group>";
		};
		6AA9593E5FE8A0ACA41ED0C6 /* Geometry */ = {
			isa = PBXGroup;
			children = (
				D5656ED6249C22E3C91E7E6A /* CGInterop.swift */,
			);
			path = Geometry;
			sourceTree = "<group>";
		};
		71A61DA7A821B0AA9DEFBCAB /* SoozipTests */ = {
			isa = PBXGroup;
			children = (
				27A62890829577BC2C0158FD /* CGInteropTests.swift */,
				B57174CFAFEBE1B0850721C0 /* CollectionPresenterTests.swift */,
				D41FD40A4FC0220746E04881 /* CoverPolicyTests.swift */,
				49CCCE31C265A63CD4B7015C /* DraftMaintenanceTests.swift */,
				27D9D944017B664FC0A6D715 /* FontLoadingTests.swift */,
				2147BF9C48A509FBFA2A889A /* LibraryRepositoryTests.swift */,
				8851A91A6001CBA0F853B4F9 /* ModelSchemaTests.swift */,
				88733267BA00CE2B5FB05BFD /* StatsRepositoryTests.swift */,
				5D5F8CD5A3D17A78B45FD4D9 /* SyncStatusResolverTests.swift */,
				1D6CE1B6DB19F4B8B221C3B9 /* TestContainer.swift */,
			);
			path = SoozipTests;
			sourceTree = "<group>";
		};
		9018B4B69AA9EBAFDBDC2AA9 /* Soozip */ = {
			isa = PBXGroup;
			children = (
				5F2670420D877A239921F8C1 /* Info.plist */,
				AC2732A63422BF2CE5E653A9 /* App */,
				B235CE23880FA477BFC95111 /* Core */,
				EADA9EBEAAC502EAB8746C21 /* Data */,
				B1A459A8A9FA9E8089C6A32E /* Presentation */,
				51A9F55E37D52B5648352818 /* Resources */,
				A73C49D1B1FB358384D135AE /* Spikes */,
			);
			path = Soozip;
			sourceTree = "<group>";
		};
		A73C49D1B1FB358384D135AE /* Spikes */ = {
			isa = PBXGroup;
			children = (
				AA10E531D2F2EEE0DBD3D61F /* S1_GestureProbe.swift */,
				1BD3130A571AEE34E51DB5A6 /* S2_CloudKitProbe.swift */,
			);
			path = Spikes;
			sourceTree = "<group>";
		};
		AC2732A63422BF2CE5E653A9 /* App */ = {
			isa = PBXGroup;
			children = (
				54F96E68BFCD85561EB18869 /* SoozipApp.swift */,
			);
			path = App;
			sourceTree = "<group>";
		};
		B1A459A8A9FA9E8089C6A32E /* Presentation */ = {
			isa = PBXGroup;
			children = (
				CD2DE9F743070C618C34A7AD /* CollectionPresenter.swift */,
			);
			path = Presentation;
			sourceTree = "<group>";
		};
		B235CE23880FA477BFC95111 /* Core */ = {
			isa = PBXGroup;
			children = (
				6AA9593E5FE8A0ACA41ED0C6 /* Geometry */,
			);
			path = Core;
			sourceTree = "<group>";
		};
		B275F8E64FCAEE2B7DDC50F7 /* Products */ = {
			isa = PBXGroup;
			children = (
				893FCC88232C22A5A01DCE39 /* Soozip.app */,
				1D1524DCC8B0813DCD775094 /* SoozipTests.xctest */,
			);
			name = Products;
			sourceTree = "<group>";
		};
		DEDB3B160540E7189DF18DF6 = {
			isa = PBXGroup;
			children = (
				6398BBAF669839C93EED377A /* Packages */,
				9018B4B69AA9EBAFDBDC2AA9 /* Soozip */,
				71A61DA7A821B0AA9DEFBCAB /* SoozipTests */,
				B275F8E64FCAEE2B7DDC50F7 /* Products */,
			);
			sourceTree = "<group>";
		};
		EADA9EBEAAC502EAB8746C21 /* Data */ = {
			isa = PBXGroup;
			children = (
				5C00BFFDE8141B5EB163737C /* Models */,
				64AD3F68E0EC50522CF7CF4C /* Repository */,
			);
			path = Data;
			sourceTree = "<group>";
		};
/* End PBXGroup section */

/* Begin PBXNativeTarget section */
		3DA33BDAC5A82BE32A2B24C9 /* SoozipTests */ = {
			isa = PBXNativeTarget;
			buildConfigurationList = 79F4B4DF28C3BE279DB18E14 /* Build configuration list for PBXNativeTarget "SoozipTests" */;
			buildPhases = (
				77870B8B5343C8F4506F63CE /* Sources */,
				0A58DE7EC420A21B48C75F18 /* Frameworks */,
			);
			buildRules = (
			);
			dependencies = (
				C2D5630585477576B049AF98 /* PBXTargetDependency */,
			);
			name = SoozipTests;
			packageProductDependencies = (
				DF7F10063207E3BEA0036CB2 /* SoozipGeometry */,
				EFB31317B40EE5456E1A0D35 /* SoozipLayout */,
				9E776C5F28A08B588EA95202 /* SoozipDraft */,
			);
			productName = SoozipTests;
			productReference = 1D1524DCC8B0813DCD775094 /* SoozipTests.xctest */;
			productType = "com.apple.product-type.bundle.unit-test";
		};
		62C735D3AEC533FEC6FAD2FF /* Soozip */ = {
			isa = PBXNativeTarget;
			buildConfigurationList = 02EB68362111579238B396BB /* Build configuration list for PBXNativeTarget "Soozip" */;
			buildPhases = (
				C66434823031B6E048C4F60A /* Sources */,
				A4A82609DA83DD008441F488 /* Resources */,
				12BA1323EEEF465222D1A290 /* Frameworks */,
			);
			buildRules = (
			);
			dependencies = (
			);
			name = Soozip;
			packageProductDependencies = (
				9ADE057923A235FCC00FAFBA /* SoozipGeometry */,
				31C34752FA1E90A63189F07A /* SoozipLayout */,
				9E2A61E37526400C5A6442CA /* SoozipDraft */,
			);
			productName = Soozip;
			productReference = 893FCC88232C22A5A01DCE39 /* Soozip.app */;
			productType = "com.apple.product-type.application";
		};
/* End PBXNativeTarget section */

/* Begin PBXProject section */
		AD20CC97534D5B551A0D155E /* Project object */ = {
			isa = PBXProject;
			attributes = {
				BuildIndependentTargetsInParallel = YES;
				LastUpgradeCheck = 1430;
				TargetAttributes = {
					62C735D3AEC533FEC6FAD2FF = {
						ProvisioningStyle = Automatic;
					};
				};
			};
			buildConfigurationList = EC5600A33CE2F00147713487 /* Build configuration list for PBXProject "Soozip" */;
			developmentRegion = ko;
			hasScannedForEncodings = 0;
			knownRegions = (
				Base,
				ko,
			);
			mainGroup = DEDB3B160540E7189DF18DF6;
			minimizedProjectReferenceProxies = 1;
			packageReferences = (
				3F886A029AFC6E5A00EA78C5 /* XCLocalSwiftPackageReference "Packages/SoozipDraft" */,
				61E89E84032E5B13D48AAAC5 /* XCLocalSwiftPackageReference "Packages/SoozipGeometry" */,
				80D92C2F8BDC51B7F281287F /* XCLocalSwiftPackageReference "Packages/SoozipLayout" */,
			);
			preferredProjectObjectVersion = 77;
			productRefGroup = B275F8E64FCAEE2B7DDC50F7 /* Products */;
			projectDirPath = "";
			projectRoot = "";
			targets = (
				62C735D3AEC533FEC6FAD2FF /* Soozip */,
				3DA33BDAC5A82BE32A2B24C9 /* SoozipTests */,
			);
		};
/* End PBXProject section */

/* Begin PBXResourcesBuildPhase section */
		A4A82609DA83DD008441F488 /* Resources */ = {
			isa = PBXResourcesBuildPhase;
			buildActionMask = 2147483647;
			files = (
				5D2F813532D098A2B622AF7D /* GowunBatang-Regular.ttf in Resources */,
				E7D7E7098AF8FF5AA5E1C603 /* GowunDodum-Regular.ttf in Resources */,
				3DB80CC860CFBE5F5B0CCF95 /* NanumPenScript-Regular.ttf in Resources */,
				FF2AF15908FD92988858E085 /* PlayfairDisplay-Regular.ttf in Resources */,
				9A3566FED79A6D756EB754F2 /* Pretendard-Regular.otf in Resources */,
			);
			runOnlyForDeploymentPostprocessing = 0;
		};
/* End PBXResourcesBuildPhase section */

/* Begin PBXSourcesBuildPhase section */
		77870B8B5343C8F4506F63CE /* Sources */ = {
			isa = PBXSourcesBuildPhase;
			buildActionMask = 2147483647;
			files = (
				19AE7A1FA38125C9B6453311 /* CGInteropTests.swift in Sources */,
				8C642B9E707523433ED777C3 /* CollectionPresenterTests.swift in Sources */,
				52F377FFD2CDA8C6E5697AEF /* CoverPolicyTests.swift in Sources */,
				2CD20722A51E310321B4E383 /* DraftMaintenanceTests.swift in Sources */,
				B6AB98D78AEE6927DBE5953A /* FontLoadingTests.swift in Sources */,
				D236C3D739671345185DB682 /* LibraryRepositoryTests.swift in Sources */,
				5B99F0068346BD5AECD50B17 /* ModelSchemaTests.swift in Sources */,
				94757887215FB2D0FC18A036 /* StatsRepositoryTests.swift in Sources */,
				B5E098B1ECE3D6811BCE29C5 /* SyncStatusResolverTests.swift in Sources */,
				8194FEE91F18BF6ECFCAD178 /* TestContainer.swift in Sources */,
			);
			runOnlyForDeploymentPostprocessing = 0;
		};
		C66434823031B6E048C4F60A /* Sources */ = {
			isa = PBXSourcesBuildPhase;
			buildActionMask = 2147483647;
			files = (
				78D6BD945CF9D42F01398CE6 /* CGInterop.swift in Sources */,
				B9EA7CC2CE9D307F4ABB5EBC /* Canvas.swift in Sources */,
				002C07C6C4214C43880C2081 /* CanvasPhoto.swift in Sources */,
				4DFCD319F4CD4D3F02320890 /* Collection.swift in Sources */,
				DAF2DACAFA8C39B0592A9CD4 /* CollectionPresenter.swift in Sources */,
				1C2EBD327D3077BC5540C895 /* CoverPolicy.swift in Sources */,
				ED6E83C07862839EB7E7F136 /* DraftMaintenance.swift in Sources */,
				8C49DE292AE46C7A7F9D505C /* LibraryRepository.swift in Sources */,
				388CA7124B54E88DCCBF504B /* RepositoryError.swift in Sources */,
				8764051F73D24C8DED0E9E42 /* S1_GestureProbe.swift in Sources */,
				2BE223D59BC6BBF99986DD42 /* S2_CloudKitProbe.swift in Sources */,
				572A968129218382282C9B9B /* SoozipApp.swift in Sources */,
				CD538C471428789FA3051298 /* SoozipSchema.swift in Sources */,
				4CA7331062EEF291DC1FEFF7 /* StatsRepository.swift in Sources */,
				5456E7EF55AFF8AE53D6554F /* SyncStatusResolver.swift in Sources */,
			);
			runOnlyForDeploymentPostprocessing = 0;
		};
/* End PBXSourcesBuildPhase section */

/* Begin PBXTargetDependency section */
		C2D5630585477576B049AF98 /* PBXTargetDependency */ = {
			isa = PBXTargetDependency;
			target = 62C735D3AEC533FEC6FAD2FF /* Soozip */;
			targetProxy = 31933F4DDE6FF2251FB24167 /* PBXContainerItemProxy */;
		};
/* End PBXTargetDependency section */

/* Begin XCBuildConfiguration section */
		09221BC045545D41A13E6599 /* Release */ = {
			isa = XCBuildConfiguration;
			buildSettings = {
				BUNDLE_LOADER = "$(TEST_HOST)";
				GENERATE_INFOPLIST_FILE = YES;
				LD_RUNPATH_SEARCH_PATHS = (
					"$(inherited)",
					"@executable_path/Frameworks",
					"@loader_path/Frameworks",
				);
				PRODUCT_BUNDLE_IDENTIFIER = com.rnqhstmd.SoozipTests;
				SDKROOT = iphoneos;
				SWIFT_VERSION = 6.0;
				TARGETED_DEVICE_FAMILY = "1,2";
				TEST_HOST = "$(BUILT_PRODUCTS_DIR)/Soozip.app/Soozip";
			};
			name = Release;
		};
		87F08D5FD0E379AAACCF9E7C /* Release */ = {
			isa = XCBuildConfiguration;
			buildSettings = {
				ALWAYS_SEARCH_USER_PATHS = NO;
				CLANG_ANALYZER_NONNULL = YES;
				CLANG_ANALYZER_NUMBER_OBJECT_CONVERSION = YES_AGGRESSIVE;
				CLANG_CXX_LANGUAGE_STANDARD = "gnu++14";
				CLANG_CXX_LIBRARY = "libc++";
				CLANG_ENABLE_MODULES = YES;
				CLANG_ENABLE_OBJC_ARC = YES;
				CLANG_ENABLE_OBJC_WEAK = YES;
				CLANG_WARN_BLOCK_CAPTURE_AUTORELEASING = YES;
				CLANG_WARN_BOOL_CONVERSION = YES;
				CLANG_WARN_COMMA = YES;
				CLANG_WARN_CONSTANT_CONVERSION = YES;
				CLANG_WARN_DEPRECATED_OBJC_IMPLEMENTATIONS = YES;
				CLANG_WARN_DIRECT_OBJC_ISA_USAGE = YES_ERROR;
				CLANG_WARN_DOCUMENTATION_COMMENTS = YES;
				CLANG_WARN_EMPTY_BODY = YES;
				CLANG_WARN_ENUM_CONVERSION = YES;
				CLANG_WARN_INFINITE_RECURSION = YES;
				CLANG_WARN_INT_CONVERSION = YES;
				CLANG_WARN_NON_LITERAL_NULL_CONVERSION = YES;
				CLANG_WARN_OBJC_IMPLICIT_RETAIN_SELF = YES;
				CLANG_WARN_OBJC_LITERAL_CONVERSION = YES;
				CLANG_WARN_OBJC_ROOT_CLASS = YES_ERROR;
				CLANG_WARN_QUOTED_INCLUDE_IN_FRAMEWORK_HEADER = YES;
				CLANG_WARN_RANGE_LOOP_ANALYSIS = YES;
				CLANG_WARN_STRICT_PROTOTYPES = YES;
				CLANG_WARN_SUSPICIOUS_MOVE = YES;
				CLANG_WARN_UNGUARDED_AVAILABILITY = YES_AGGRESSIVE;
				CLANG_WARN_UNREACHABLE_CODE = YES;
				CLANG_WARN__DUPLICATE_METHOD_MATCH = YES;
				COPY_PHASE_STRIP = NO;
				DEBUG_INFORMATION_FORMAT = "dwarf-with-dsym";
				ENABLE_NS_ASSERTIONS = NO;
				ENABLE_STRICT_OBJC_MSGSEND = YES;
				GCC_C_LANGUAGE_STANDARD = gnu11;
				GCC_NO_COMMON_BLOCKS = YES;
				GCC_WARN_64_TO_32_BIT_CONVERSION = YES;
				GCC_WARN_ABOUT_RETURN_TYPE = YES_ERROR;
				GCC_WARN_UNDECLARED_SELECTOR = YES;
				GCC_WARN_UNINITIALIZED_AUTOS = YES_AGGRESSIVE;
				GCC_WARN_UNUSED_FUNCTION = YES;
				GCC_WARN_UNUSED_VARIABLE = YES;
				IPHONEOS_DEPLOYMENT_TARGET = 17.0;
				MTL_ENABLE_DEBUG_INFO = NO;
				MTL_FAST_MATH = YES;
				PRODUCT_NAME = "$(TARGET_NAME)";
				SDKROOT = iphoneos;
				SWIFT_COMPILATION_MODE = wholemodule;
				SWIFT_OPTIMIZATION_LEVEL = "-O";
				SWIFT_VERSION = 5.0;
			};
			name = Release;
		};
		B256892C015C670F33849784 /* Debug */ = {
			isa = XCBuildConfiguration;
			buildSettings = {
				ASSETCATALOG_COMPILER_APPICON_NAME = AppIcon;
				CODE_SIGN_IDENTITY = "iPhone Developer";
				CODE_SIGN_STYLE = Automatic;
				CURRENT_PROJECT_VERSION = 1;
				INFOPLIST_FILE = Soozip/Info.plist;
				LD_RUNPATH_SEARCH_PATHS = (
					"$(inherited)",
					"@executable_path/Frameworks",
				);
				MARKETING_VERSION = 0.1.0;
				PRODUCT_BUNDLE_IDENTIFIER = com.rnqhstmd.soozip;
				SDKROOT = iphoneos;
				SWIFT_VERSION = 6.0;
				TARGETED_DEVICE_FAMILY = 1;
			};
			name = Debug;
		};
		B7C9CC556437407F4E243D06 /* Release */ = {
			isa = XCBuildConfiguration;
			buildSettings = {
				ASSETCATALOG_COMPILER_APPICON_NAME = AppIcon;
				CODE_SIGN_IDENTITY = "iPhone Developer";
				CODE_SIGN_STYLE = Automatic;
				CURRENT_PROJECT_VERSION = 1;
				INFOPLIST_FILE = Soozip/Info.plist;
				LD_RUNPATH_SEARCH_PATHS = (
					"$(inherited)",
					"@executable_path/Frameworks",
				);
				MARKETING_VERSION = 0.1.0;
				PRODUCT_BUNDLE_IDENTIFIER = com.rnqhstmd.soozip;
				SDKROOT = iphoneos;
				SWIFT_VERSION = 6.0;
				TARGETED_DEVICE_FAMILY = 1;
			};
			name = Release;
		};
		C05117F3283446A9B32E4C2A /* Debug */ = {
			isa = XCBuildConfiguration;
			buildSettings = {
				BUNDLE_LOADER = "$(TEST_HOST)";
				GENERATE_INFOPLIST_FILE = YES;
				LD_RUNPATH_SEARCH_PATHS = (
					"$(inherited)",
					"@executable_path/Frameworks",
					"@loader_path/Frameworks",
				);
				PRODUCT_BUNDLE_IDENTIFIER = com.rnqhstmd.SoozipTests;
				SDKROOT = iphoneos;
				SWIFT_VERSION = 6.0;
				TARGETED_DEVICE_FAMILY = "1,2";
				TEST_HOST = "$(BUILT_PRODUCTS_DIR)/Soozip.app/Soozip";
			};
			name = Debug;
		};
		C2CBC111996C20E46B818FB1 /* Debug */ = {
			isa = XCBuildConfiguration;
			buildSettings = {
				ALWAYS_SEARCH_USER_PATHS = NO;
				CLANG_ANALYZER_NONNULL = YES;
				CLANG_ANALYZER_NUMBER_OBJECT_CONVERSION = YES_AGGRESSIVE;
				CLANG_CXX_LANGUAGE_STANDARD = "gnu++14";
				CLANG_CXX_LIBRARY = "libc++";
				CLANG_ENABLE_MODULES = YES;
				CLANG_ENABLE_OBJC_ARC = YES;
				CLANG_ENABLE_OBJC_WEAK = YES;
				CLANG_WARN_BLOCK_CAPTURE_AUTORELEASING = YES;
				CLANG_WARN_BOOL_CONVERSION = YES;
				CLANG_WARN_COMMA = YES;
				CLANG_WARN_CONSTANT_CONVERSION = YES;
				CLANG_WARN_DEPRECATED_OBJC_IMPLEMENTATIONS = YES;
				CLANG_WARN_DIRECT_OBJC_ISA_USAGE = YES_ERROR;
				CLANG_WARN_DOCUMENTATION_COMMENTS = YES;
				CLANG_WARN_EMPTY_BODY = YES;
				CLANG_WARN_ENUM_CONVERSION = YES;
				CLANG_WARN_INFINITE_RECURSION = YES;
				CLANG_WARN_INT_CONVERSION = YES;
				CLANG_WARN_NON_LITERAL_NULL_CONVERSION = YES;
				CLANG_WARN_OBJC_IMPLICIT_RETAIN_SELF = YES;
				CLANG_WARN_OBJC_LITERAL_CONVERSION = YES;
				CLANG_WARN_OBJC_ROOT_CLASS = YES_ERROR;
				CLANG_WARN_QUOTED_INCLUDE_IN_FRAMEWORK_HEADER = YES;
				CLANG_WARN_RANGE_LOOP_ANALYSIS = YES;
				CLANG_WARN_STRICT_PROTOTYPES = YES;
				CLANG_WARN_SUSPICIOUS_MOVE = YES;
				CLANG_WARN_UNGUARDED_AVAILABILITY = YES_AGGRESSIVE;
				CLANG_WARN_UNREACHABLE_CODE = YES;
				CLANG_WARN__DUPLICATE_METHOD_MATCH = YES;
				COPY_PHASE_STRIP = NO;
				DEBUG_INFORMATION_FORMAT = dwarf;
				ENABLE_STRICT_OBJC_MSGSEND = YES;
				ENABLE_TESTABILITY = YES;
				GCC_C_LANGUAGE_STANDARD = gnu11;
				GCC_DYNAMIC_NO_PIC = NO;
				GCC_NO_COMMON_BLOCKS = YES;
				GCC_OPTIMIZATION_LEVEL = 0;
				GCC_PREPROCESSOR_DEFINITIONS = (
					"$(inherited)",
					"DEBUG=1",
				);
				GCC_WARN_64_TO_32_BIT_CONVERSION = YES;
				GCC_WARN_ABOUT_RETURN_TYPE = YES_ERROR;
				GCC_WARN_UNDECLARED_SELECTOR = YES;
				GCC_WARN_UNINITIALIZED_AUTOS = YES_AGGRESSIVE;
				GCC_WARN_UNUSED_FUNCTION = YES;
				GCC_WARN_UNUSED_VARIABLE = YES;
				IPHONEOS_DEPLOYMENT_TARGET = 17.0;
				MTL_ENABLE_DEBUG_INFO = INCLUDE_SOURCE;
				MTL_FAST_MATH = YES;
				ONLY_ACTIVE_ARCH = YES;
				PRODUCT_NAME = "$(TARGET_NAME)";
				SDKROOT = iphoneos;
				SWIFT_ACTIVE_COMPILATION_CONDITIONS = DEBUG;
				SWIFT_OPTIMIZATION_LEVEL = "-Onone";
				SWIFT_VERSION = 5.0;
			};
			name = Debug;
		};
/* End XCBuildConfiguration section */

/* Begin XCConfigurationList section */
		02EB68362111579238B396BB /* Build configuration list for PBXNativeTarget "Soozip" */ = {
			isa = XCConfigurationList;
			buildConfigurations = (
				B256892C015C670F33849784 /* Debug */,
				B7C9CC556437407F4E243D06 /* Release */,
			);
			defaultConfigurationIsVisible = 0;
			defaultConfigurationName = Debug;
		};
		79F4B4DF28C3BE279DB18E14 /* Build configuration list for PBXNativeTarget "SoozipTests" */ = {
			isa = XCConfigurationList;
			buildConfigurations = (
				C05117F3283446A9B32E4C2A /* Debug */,
				09221BC045545D41A13E6599 /* Release */,
			);
			defaultConfigurationIsVisible = 0;
			defaultConfigurationName = Debug;
		};
		EC5600A33CE2F00147713487 /* Build configuration list for PBXProject "Soozip" */ = {
			isa = XCConfigurationList;
			buildConfigurations = (
				C2CBC111996C20E46B818FB1 /* Debug */,
				87F08D5FD0E379AAACCF9E7C /* Release */,
			);
			defaultConfigurationIsVisible = 0;
			defaultConfigurationName = Debug;
		};
/* End XCConfigurationList section */

/* Begin XCLocalSwiftPackageReference section */
		3F886A029AFC6E5A00EA78C5 /* XCLocalSwiftPackageReference "Packages/SoozipDraft" */ = {
			isa = XCLocalSwiftPackageReference;
			relativePath = Packages/SoozipDraft;
		};
		61E89E84032E5B13D48AAAC5 /* XCLocalSwiftPackageReference "Packages/SoozipGeometry" */ = {
			isa = XCLocalSwiftPackageReference;
			relativePath = Packages/SoozipGeometry;
		};
		80D92C2F8BDC51B7F281287F /* XCLocalSwiftPackageReference "Packages/SoozipLayout" */ = {
			isa = XCLocalSwiftPackageReference;
			relativePath = Packages/SoozipLayout;
		};
/* End XCLocalSwiftPackageReference section */

/* Begin XCSwiftPackageProductDependency section */
		31C34752FA1E90A63189F07A /* SoozipLayout */ = {
			isa = XCSwiftPackageProductDependency;
			productName = SoozipLayout;
		};
		9ADE057923A235FCC00FAFBA /* SoozipGeometry */ = {
			isa = XCSwiftPackageProductDependency;
			productName = SoozipGeometry;
		};
		9E2A61E37526400C5A6442CA /* SoozipDraft */ = {
			isa = XCSwiftPackageProductDependency;
			productName = SoozipDraft;
		};
		9E776C5F28A08B588EA95202 /* SoozipDraft */ = {
			isa = XCSwiftPackageProductDependency;
			productName = SoozipDraft;
		};
		DF7F10063207E3BEA0036CB2 /* SoozipGeometry */ = {
			isa = XCSwiftPackageProductDependency;
			productName = SoozipGeometry;
		};
		EFB31317B40EE5456E1A0D35 /* SoozipLayout */ = {
			isa = XCSwiftPackageProductDependency;
			productName = SoozipLayout;
		};
/* End XCSwiftPackageProductDependency section */
	};
	rootObject = AD20CC97534D5B551A0D155E /* Project object */;
}
